{
  "lockfileVersion": 1,
  "workspaces": {
    "": {
      "name": "kasirgoplus-backend",
      "dependencies": {
        "@aws-sdk/client-s3": "^3.1089.0",
        "bcryptjs": "^2.4.3",
        "hono": "^4.6.10",
        "jose": "^5.9.6",
        "nodemailer": "^8.0.7",
        "postgres": "^3.4.4",
        "zod": "^3.24.1",
      },
      "devDependencies": {
        "@types/bcryptjs": "^2.4.6",
        "@types/bun": "^1.2.5",
        "@types/nodemailer": "^8.0.0",
        "typescript": "^5.7.3",
      },
    },
  },
  "packages": {
    "@aws-sdk/checksums": ["@aws-sdk/checksums@3.1000.18", "", { "dependencies": { "@aws-sdk/core": "^3.975.3", "@aws-sdk/types": "^3.974.2", "@smithy/core": "^3.29.4", "@smithy/types": "^4.16.1", "tslib": "^2.6.2" } }, "sha512-IImkbEyXdV6/uaF5r6Wkk+8718mQw1ll83j0a4a30R3JM/rHVFdWAiT4jtJpFjJiIwM/oJ6SxIxr0z2TaQUGqw=="],

    "@aws-sdk/client-s3": ["@aws-sdk/client-s3@3.1089.0", "", { "dependencies": { "@aws-sdk/checksums": "^3.1000.18", "@aws-sdk/core": "^3.975.3", "@aws-sdk/credential-provider-node": "^3.972.70", "@aws-sdk/middleware-sdk-s3": "^3.972.64", "@aws-sdk/signature-v4-multi-region": "^3.996.41", "@aws-sdk/types": "^3.974.2", "@smithy/core": "^3.29.4", "@smithy/fetch-http-handler": "^5.6.6", "@smithy/node-http-handler": "^4.9.6", "@smithy/types": "^4.16.1", "tslib": "^2.6.2" } }, "sha512-Sc+JOtNeP+v+XdP9Rb4Hh+uhiNO2hh/CZQbKYooNakhOIgK6/K0cjoDCEGeFmkG0vf2DopTmSctzKlcKwy1BPw=="],

    "@aws-sdk/core": ["@aws-sdk/core@3.975.3", "", { "dependencies": { "@aws-sdk/types": "^3.974.2", "@aws-sdk/xml-builder": "^3.972.36", "@aws/lambda-invoke-store": "^0.3.0", "@smithy/core": "^3.29.4", "@smithy/signature-v4": "^5.6.5", "@smithy/types": "^4.16.1", "bowser": "^2.11.0", "tslib": "^2.6.2" } }, "sha512-7ur3kCKuvPLqlsZ2XlvnNBVQ7KkpSu6Y6dOTwSPHLrFpTEfZM8isLBJc4cgv96WB7GifeVM436mpycwxBd2vEA=="],

    "@aws-sdk/credential-provider-env": ["@aws-sdk/credential-provider-env@3.972.59", "", { "dependencies": { "@aws-sdk/core": "^3.975.3", "@aws-sdk/types": "^3.974.2", "@smithy/core": "^3.29.4", "@smithy/types": "^4.16.1", "tslib": "^2.6.2" } }, "sha512-Ny5e4Mfh3QPmiAc0AiUe+cbTXDlxkU3Rc+EpWOfyWeWEy6yp7Fa1KmfNeCc+1a8by9zQ9gtohmiQUkMPScF3ng=="],

    "@aws-sdk/credential-provider-http": ["@aws-sdk/credential-provider-http@3.972.61", "", { "dependencies": { "@aws-sdk/core": "^3.975.3", "@aws-sdk/types": "^3.974.2", "@smithy/core": "^3.29.4", "@smithy/fetch-http-handler": "^5.6.6", "@smithy/node-http-handler": "^4.9.6", "@smithy/types": "^4.16.1", "tslib": "^2.6.2" } }, "sha512-8jAjgStl5Ytq4+HF3X/9f+EmRinaRbGRRtQGktlPfBRVx73H+R1y48vIeXerQtYGFaUqkEp3fT6jP854rVO2yQ=="],

    "@aws-sdk/credential-provider-ini": ["@aws-sdk/credential-provider-ini@3.973.4", "", { "dependencies": { "@aws-sdk/core": "^3.975.3", "@aws-sdk/credential-provider-env": "^3.972.59", "@aws-sdk/credential-provider-http": "^3.972.61", "@aws-sdk/credential-provider-login": "^3.972.66", "@aws-sdk/credential-provider-process": "^3.972.59", "@aws-sdk/credential-provider-sso": "^3.973.3", "@aws-sdk/credential-provider-web-identity": "^3.972.65", "@aws-sdk/nested-clients": "^3.997.33", "@aws-sdk/types": "^3.974.2", "@smithy/core": "^3.29.4", "@smithy/credential-provider-imds": "^4.4.9", "@smithy/types": "^4.16.1", "tslib": "^2.6.2" } }, "sha512-e6ZvVsj90aRALf1kHP+J4iqC1496ZpVgqI/+u0LJ5HL7q7ATauGy4gdDvRCP13L1pN/fMiZLah162PGIYkbUVQ=="],

    "@aws-sdk/credential-provider-login": ["@aws-sdk/credential-provider-login@3.972.66", "", { "dependencies": { "@aws-sdk/core": "^3.975.3", "@aws-sdk/nested-clients": "^3.997.33", "@aws-sdk/types": "^3.974.2", "@smithy/core": "^3.29.4", "@smithy/types": "^4.16.1", "tslib": "^2.6.2" } }, "sha512-g2fsqm87r/nKthLZ0VkkDBElkGg0PvSa8d97HQ6EilMbJTZ6hxa8FxkSZyJfgPfFdZn0TTmkOffQmTSUcAHIng=="],

    "@aws-sdk/credential-provider-node": ["@aws-sdk/credential-provider-node@3.972.70", "", { "dependencies": { "@aws-sdk/credential-provider-env": "^3.972.59", "@aws-sdk/credential-provider-http": "^3.972.61", "@aws-sdk/credential-provider-ini": "^3.973.4", "@aws-sdk/credential-provider-process": "^3.972.59", "@aws-sdk/credential-provider-sso": "^3.973.3", "@aws-sdk/credential-provider-web-identity": "^3.972.65", "@aws-sdk/types": "^3.974.2", "@smithy/core": "^3.29.4", "@smithy/credential-provider-imds": "^4.4.9", "@smithy/types": "^4.16.1", "tslib": "^2.6.2" } }, "sha512-3xzvkGdykBunxqh8WudmUpSyLWvIhfI6aBQo1b5rb3mDO5mNLadK+0hiI0qBQBMVynJbfLO+Ajy9dztMwy9O8w=="],

    "@aws-sdk/credential-provider-process": ["@aws-sdk/credential-provider-process@3.972.59", "", { "dependencies": { "@aws-sdk/core": "^3.975.3", "@aws-sdk/types": "^3.974.2", "@smithy/core": "^3.29.4", "@smithy/types": "^4.16.1", "tslib": "^2.6.2" } }, "sha512-DlZF2/MhLlatDdlrIy3CUCpfdbLrKx+3SMjVo+WyHnPpwzkc/M3vwAHw4OVJf7DMvO+4vfRqSCMc/E9I1auN0g=="],

    "@aws-sdk/credential-provider-sso": ["@aws-sdk/credential-provider-sso@3.973.3", "", { "dependencies": { "@aws-sdk/core": "^3.975.3", "@aws-sdk/nested-clients": "^3.997.33", "@aws-sdk/token-providers": "3.1088.0", "@aws-sdk/types": "^3.974.2", "@smithy/core": "^3.29.4", "@smithy/types": "^4.16.1", "tslib": "^2.6.2" } }, "sha512-hmdDHoy2G5Es2e8IgelNMYUuSQI6uCIAKZMJ2u2PdKDhxvbk1uWD/g4+R7R5c/tJfKEB1+KjjWiaoCr/S+ZTiQ=="],

    "@aws-sdk/credential-provider-web-identity": ["@aws-sdk/credential-provider-web-identity@3.972.65", "", { "dependencies": { "@aws-sdk/core": "^3.975.3", "@aws-sdk/nested-clients": "^3.997.33", "@aws-sdk/types": "^3.974.2", "@smithy/core": "^3.29.4", "@smithy/types": "^4.16.1", "tslib": "^2.6.2" } }, "sha512-gHQb/Kt0chjk/JQDa/GJDqmAvEuVn8n7z10wK2h0LFM9TUDRkohgOO4aEF+s2sBLM0br7Cl5W6P7phgjrrJvLQ=="],

    "@aws-sdk/middleware-sdk-s3": ["@aws-sdk/middleware-sdk-s3@3.972.64", "", { "dependencies": { "@aws-sdk/core": "^3.975.3", "@aws-sdk/signature-v4-multi-region": "^3.996.41", "@aws-sdk/types": "^3.974.2", "@smithy/core": "^3.29.4", "@smithy/types": "^4.16.1", "tslib": "^2.6.2" } }, "sha512-RBi43anhDBUv+HCfxCOXwGOE7GmT4n7ChV04Mwr22RhXTNcamW/iWnJlOotDPCZSrJ4dEvhZSiWWQMwLX+ZhFA=="],

    "@aws-sdk/nested-clients": ["@aws-sdk/nested-clients@3.997.33", "", { "dependencies": { "@aws-sdk/core": "^3.975.3", "@aws-sdk/signature-v4-multi-region": "^3.996.41", "@aws-sdk/types": "^3.974.2", "@smithy/core": "^3.29.4", "@smithy/fetch-http-handler": "^5.6.6", "@smithy/node-http-handler": "^4.9.6", "@smithy/types": "^4.16.1", "tslib": "^2.6.2" } }, "sha512-dVZOroI/r3/ENvqNGgjMPul+jjlz9GddfVusgTXlVjfZj5isibOxecLkGQbRPp8XOuX+RAfjXLFgPkD1JS5xrw=="],

    "@aws-sdk/signature-v4-multi-region": ["@aws-sdk/signature-v4-multi-region@3.996.41", "", { "dependencies": { "@aws-sdk/types": "^3.974.2", "@smithy/signature-v4": "^5.6.5", "@smithy/types": "^4.16.1", "tslib": "^2.6.2" } }, "sha512-QMUytg+FQMGouc8gHS00KoYih3+N6cqmVI/pQGOIo7Nr7OpQaiXjSYOuL+vsPZ1tymY4LAQ8MYcHJmws5LRxng=="],

    "@aws-sdk/token-providers": ["@aws-sdk/token-providers@3.1088.0", "", { "dependencies": { "@aws-sdk/core": "^3.975.3", "@aws-sdk/nested-clients": "^3.997.33", "@aws-sdk/types": "^3.974.2", "@smithy/core": "^3.29.4", "@smithy/types": "^4.16.1", "tslib": "^2.6.2" } }, "sha512-4ObatWt2qpJg5FBk4LOOKrTQYzaqeewAtdO3r9ZO8lH9YqLtpTzLyIdy0mJ+nVdfYOnqISkKNfmzP22bNDhwyw=="],

    "@aws-sdk/types": ["@aws-sdk/types@3.974.2", "", { "dependencies": { "@smithy/types": "^4.16.1", "tslib": "^2.6.2" } }, "sha512-3W6IUtSxFbH6X7Wb7DzGCV5QiFQsd0g8bOfntpmDxQlzBoKWUMBu/JPQR0DwkE+Hpnxd6db1tXbOwdeHddG6cA=="],

    "@aws-sdk/xml-builder": ["@aws-sdk/xml-builder@3.972.36", "", { "dependencies": { "@smithy/types": "^4.16.1", "tslib": "^2.6.2" } }, "sha512-RdGmS1GLrtaTOLE1ElSluMldNrpk9Emq6uYs8SS8iHlu5xTAmM9rRkM91o48+rIRryBtyO9t+uLYCoMG6jVMVA=="],

    "@aws/lambda-invoke-store": ["@aws/lambda-invoke-store@0.3.0", "", {}, "sha512-sl4Bm6yiMNYrZKkqqDFWN0UfnWhlS8ivKxrYl+6t0gCLrqr8y3B2IqZZbFRkfaVVp7C/baApyh71P+LeE1A2sQ=="],

    "@smithy/core": ["@smithy/core@3.29.5", "", { "dependencies": { "@smithy/types": "^4.16.1", "tslib": "^2.6.2" } }, "sha512-i0dk2t5B+CwV/dcJdUHILYkOQF5lof8f44dFCfDWToGCxjT9YQ+CgHqTAvJxzc3+zqQwm2QtVoJ5IqiNar/CnQ=="],

    "@smithy/credential-provider-imds": ["@smithy/credential-provider-imds@4.4.10", "", { "dependencies": { "@smithy/core": "^3.29.5", "@smithy/types": "^4.16.1", "tslib": "^2.6.2" } }, "sha512-MJenAe4OKRZUo1LdYYFDCsSHxaHvInIU/z52GsheO9vl1/VSySVCr0zkyKD6TFiGkSUaWGxvKZ/70OvgUZR5HQ=="],

    "@smithy/fetch-http-handler": ["@smithy/fetch-http-handler@5.6.7", "", { "dependencies": { "@smithy/core": "^3.29.5", "@smithy/types": "^4.16.1", "tslib": "^2.6.2" } }, "sha512-3zpg8yqqyXzoK2TsRDdkqVOj2RDBFfLXwCczOZ5c7TWB4eiaebfSCsbMjDPYB3PJ9ihV62QaeadZ+wLadZtNGA=="],

    "@smithy/node-http-handler": ["@smithy/node-http-handler@4.9.7", "", { "dependencies": { "@smithy/core": "^3.29.5", "@smithy/types": "^4.16.1", "tslib": "^2.6.2" } }, "sha512-wCU8HCLjAtAVqxxe0j2xff9LcEPw3yjBbg5IdQDIYFnxnPxbxcSLc7rgex7kqm9L/WYOnJEgaWQlfDkZleozMA=="],

    "@smithy/signature-v4": ["@smithy/signature-v4@5.6.6", "", { "dependencies": { "@smithy/core": "^3.29.5", "@smithy/types": "^4.16.1", "tslib": "^2.6.2" } }, "sha512-efP6DN3UTFrzIsGO42/xcabv8jU7+9nwEdphFUH7yL0k010ERyAWaO41KFQIDLcFZLZ8xzIQr4wplFxNzslSGQ=="],

    "@smithy/types": ["@smithy/types@4.16.1", "", { "dependencies": { "tslib": "^2.6.2" } }, "sha512-0JFs3V2y2M9tKW5na/qxe69Zv+uxLMO7QBbhxF/FHu/Gp2NFZAAL9tWl9PU02xxo07pb3G9FTyjNc6D5uZrJIg=="],

    "@types/bcryptjs": ["@types/bcryptjs@2.4.6", "", {}, "sha512-9xlo6R2qDs5uixm0bcIqCeMCE6HiQsIyel9KQySStiyqNl2tnj2mP3DX1Nf56MD6KMenNNlBBsy3LJ7gUEQPXQ=="],

    "@types/bun": ["@types/bun@1.3.11", "", { "dependencies": { "bun-types": "1.3.11" } }, "sha512-5vPne5QvtpjGpsGYXiFyycfpDF2ECyPcTSsFBMa0fraoxiQyMJ3SmuQIGhzPg2WJuWxVBoxWJ2kClYTcw/4fAg=="],

    "@types/node": ["@types/node@25.5.0", "", { "dependencies": { "undici-types": "~7.18.0" } }, "sha512-jp2P3tQMSxWugkCUKLRPVUpGaL5MVFwF8RDuSRztfwgN1wmqJeMSbKlnEtQqU8UrhTmzEmZdu2I6v2dpp7XIxw=="],

    "@types/nodemailer": ["@types/nodemailer@8.0.0", "", { "dependencies": { "@types/node": "*" } }, "sha512-fyf8jWULsCo0d0BuoQ75i6IeoHs47qcqxWc7yUdUcV0pOZGjUTTOvwdG1PRXUDqN/8A64yQdQdnA2pZgcdi+cA=="],

    "bcryptjs": ["bcryptjs@2.4.3", "", {}, "sha512-V/Hy/X9Vt7f3BbPJEi8BdVFMByHi+jNXrYkW3huaybV/kQ0KJg0Y6PkEMbn+zeT+i+SiKZ/HMqJGIIt4LZDqNQ=="],

    "bowser": ["bowser@2.14.1", "", {}, "sha512-tzPjzCxygAKWFOJP011oxFHs57HzIhOEracIgAePE4pqB3LikALKnSzUyU4MGs9/iCEUuHlAJTjTc5M+u7YEGg=="],

    "bun-types": ["bun-types@1.3.11", "", { "dependencies": { "@types/node": "*" } }, "sha512-1KGPpoxQWl9f6wcZh57LvrPIInQMn2TQ7jsgxqpRzg+l0QPOFvJVH7HmvHo/AiPgwXy+/Thf6Ov3EdVn1vOabg=="],

    "hono": ["hono@4.12.8", "", {}, "sha512-VJCEvtrezO1IAR+kqEYnxUOoStaQPGrCmX3j4wDTNOcD1uRPFpGlwQUIW8niPuvHXaTUxeOUl5MMDGrl+tmO9A=="],

    "jose": ["jose@5.10.0", "", {}, "sha512-s+3Al/p9g32Iq+oqXxkW//7jk2Vig6FF1CFqzVXoTUXt2qz89YWbL+OwS17NFYEvxC35n0FKeGO2LGYSxeM2Gg=="],

    "nodemailer": ["nodemailer@8.0.7", "", {}, "sha512-pkjE4mkBzQjdJT4/UmlKl3pX0rC9fZmjh7c6C9o7lv66Ac6w9WCnzPzhbPNxwZAzlF4mdq4CSWB5+FbK6FWCow=="],

    "postgres": ["postgres@3.4.8", "", {}, "sha512-d+JFcLM17njZaOLkv6SCev7uoLaBtfK86vMUXhW1Z4glPWh4jozno9APvW/XKFJ3CCxVoC7OL38BqRydtu5nGg=="],

    "tslib": ["tslib@2.8.1", "", {}, "sha512-oJFu94HQb+KVduSUQL7wnpmqnfmLsOA/nAh6b6EH0wCEoK0/mPeXU6c3wKDV83MkOuHPRHtSXKKU99IBazS/2w=="],

    "typescript": ["typescript@5.9.3", "", { "bin": { "tsc": "bin/tsc", "tsserver": "bin/tsserver" } }, "sha512-jl1vZzPDinLr9eUt3J/t7V6FgNEw9QjvBPdysz9KfQDD41fQrC2Y4vKQdiaUpFT4bXlb1RHhLpp8wtm6M5TgSw=="],

    "undici-types": ["undici-types@7.18.2", "", {}, "sha512-AsuCzffGHJybSaRrmr5eHr81mwJU3kjw6M+uprWvCXiNeN9SOGwQ3Jn8jb8m3Z6izVgknn1R0FTCEAP2QrLY/w=="],

    "zod": ["zod@3.25.76", "", {}, "sha512-gzUt/qt81nXsFGKIFcC3YnfEAx5NkunCfnDlvuBSSFS02bcXu4Lmea0AFIUwbLWxWPx3d9p8S5QoaujKcNQxcQ=="],
  }
}
